// !$*UTF8*$!
{
	archiveVersion = 1;
	classes = {
	};
	objectVersion = 46;
	objects = {

/* Begin PBXBuildFile section */
		450452F717ABAD03002F0981 /* MENU_CHECK LIST_BUTTON.png in Resources */ = {isa = PBXBuildFile; fileRef = 450452F617ABAD03002F0981 /* MENU_CHECK LIST_BUTTON.png */; };
		450C35B61787831D00484A9E /* bigmarker.png in Resources */ = {isa = PBXBuildFile; fileRef = 450C35B51787831D00484A9E /* bigmarker.png */; };
		45274E6C179A774300A4CE59 /* RMPBuzzCell.m in Sources */ = {isa = PBXBuildFile; fileRef = 45274E6B179A774300A4CE59 /* RMPBuzzCell.m */; };
		45274E6F179A779400A4CE59 /* RMPTimeLineTableViewController.m in Sources */ = {isa = PBXBuildFile; fileRef = 45274E6E179A779400A4CE59 /* RMPTimeLineTableViewController.m */; };
		452C975D17A3FBE00000CF51 /* RMPLazyImageView.m in Sources */ = {isa = PBXBuildFile; fileRef = 452C975C17A3FBE00000CF51 /* RMPLazyImageView.m */; };
		4557179217A4FD5800F6483F /* RMPMenuViewController.m in Sources */ = {isa = PBXBuildFile; fileRef = 4557179117A4FD5800F6483F /* RMPMenuViewController.m */; };
		457D160017942E20007F2E8A /* RMPSlidingViewController.m in Sources */ = {isa = PBXBuildFile; fileRef = 457D15FF17942E20007F2E8A /* RMPSlidingViewController.m */; };
		457D160317942F57007F2E8A /* RMPInitialSlidingViewController.m in Sources */ = {isa = PBXBuildFile; fileRef = 457D160217942F57007F2E8A /* RMPInitialSlidingViewController.m */; };
		457FEB541795E20900616D23 /* RMPAnnotation.m in Sources */ = {isa = PBXBuildFile; fileRef = 457FEB531795E20900616D23 /* RMPAnnotation.m */; };
		45952DBB177FDE5D0083B7D0 /* BuzzData.csv in Resources */ = {isa = PBXBuildFile; fileRef = 45952DBA177FDE5D0083B7D0 /* BuzzData.csv */; };
		45952DC3177FDFFD0083B7D0 /* pin.png in Resources */ = {isa = PBXBuildFile; fileRef = 45952DC2177FDFFD0083B7D0 /* pin.png */; };
		45952DC9177FE7250083B7D0 /* RMPBuzzData.m in Sources */ = {isa = PBXBuildFile; fileRef = 45952DC8177FE7250083B7D0 /* RMPBuzzData.m */; };
		45952DCA177FE7250083B7D0 /* RMPBuzzData.m in Sources */ = {isa = PBXBuildFile; fileRef = 45952DC8177FE7250083B7D0 /* RMPBuzzData.m */; };
		45952DCD177FE7340083B7D0 /* RMPPlace.m in Sources */ = {isa = PBXBuildFile; fileRef = 45952DCC177FE7340083B7D0 /* RMPPlace.m */; };
		45952DCE177FE7340083B7D0 /* RMPPlace.m in Sources */ = {isa = PBXBuildFile; fileRef = 45952DCC177FE7340083B7D0 /* RMPPlace.m */; };
		45952DD1177FE7750083B7D0 /* CSVHandler.m in Sources */ = {isa = PBXBuildFile; fileRef = 45952DD0177FE7750083B7D0 /* CSVHandler.m */; };
		45952DD2177FE7750083B7D0 /* CSVHandler.m in Sources */ = {isa = PBXBuildFile; fileRef = 45952DD0177FE7750083B7D0 /* CSVHandler.m */; };
		459A590F17A55CD70089BCC9 /* RMPProfileViewController.m in Sources */ = {isa = PBXBuildFile; fileRef = 459A590E17A55CD70089BCC9 /* RMPProfileViewController.m */; };
		459A591217A55D010089BCC9 /* RMPYourTimeLineViewController.m in Sources */ = {isa = PBXBuildFile; fileRef = 459A591117A55D010089BCC9 /* RMPYourTimeLineViewController.m */; };
		459A591517A55D190089BCC9 /* RMPCheckListViewController.m in Sources */ = {isa = PBXBuildFile; fileRef = 459A591417A55D180089BCC9 /* RMPCheckListViewController.m */; };
		459A591817A55D2D0089BCC9 /* RMPMuteListViewController.m in Sources */ = {isa = PBXBuildFile; fileRef = 459A591717A55D2D0089BCC9 /* RMPMuteListViewController.m */; };
		459A591B17A55D440089BCC9 /* RMPSettingViewController.m in Sources */ = {isa = PBXBuildFile; fileRef = 459A591A17A55D440089BCC9 /* RMPSettingViewController.m */; };
		459A591E17A55D570089BCC9 /* RMPTermOfUseViewController.m in Sources */ = {isa = PBXBuildFile; fileRef = 459A591D17A55D570089BCC9 /* RMPTermOfUseViewController.m */; };
		459A592117A55D6D0089BCC9 /* RMPProblemViewController.m in Sources */ = {isa = PBXBuildFile; fileRef = 459A592017A55D6D0089BCC9 /* RMPProblemViewController.m */; };
		459A592417A55D7E0089BCC9 /* RMPLogOutViewController.m in Sources */ = {isa = PBXBuildFile; fileRef = 459A592317A55D7D0089BCC9 /* RMPLogOutViewController.m */; };
		45AD9DC71784EC9900242750 /* UIPlaceHolderTextView.m in Sources */ = {isa = PBXBuildFile; fileRef = 45AD9DC61784EC9900242750 /* UIPlaceHolderTextView.m */; };
		45B2BDDC1799FE400051B90A /* RMPHTTPConnection.m in Sources */ = {isa = PBXBuildFile; fileRef = 45B2BDDB1799FE400051B90A /* RMPHTTPConnection.m */; };
		45C537FB179D7DCB0077FFA3 /* currentLocation.png in Resources */ = {isa = PBXBuildFile; fileRef = 45C537FA179D7DCB0077FFA3 /* currentLocation.png */; };
		45C76F301796BF7000BD184C /* pin1.png in Resources */ = {isa = PBXBuildFile; fileRef = 45C76F2E1796BF7000BD184C /* pin1.png */; };
		45C76F311796BF7000BD184C /* pin2.png in Resources */ = {isa = PBXBuildFile; fileRef = 45C76F2F1796BF7000BD184C /* pin2.png */; };
		45C76F391796C73200BD184C /* RMPNonVisibleToolBar.m in Sources */ = {isa = PBXBuildFile; fileRef = 45C76F381796C73200BD184C /* RMPNonVisibleToolBar.m */; };
		45DABF04179D3530001E9A7C /* RMPMapView.m in Sources */ = {isa = PBXBuildFile; fileRef = 45DABF03179D3530001E9A7C /* RMPMapView.m */; };
		45DABF06179D7755001E9A7C /* buzzPin.png in Resources */ = {isa = PBXBuildFile; fileRef = 45DABF05179D7755001E9A7C /* buzzPin.png */; };
		45DABF08179D7927001E9A7C /* playPin.png in Resources */ = {isa = PBXBuildFile; fileRef = 45DABF07179D7927001E9A7C /* playPin.png */; };
		45DE4BA617ABBF960088C2AB /* MENU_LIST_BAR.png in Resources */ = {isa = PBXBuildFile; fileRef = 45DE4B9C17ABBF960088C2AB /* MENU_LIST_BAR.png */; };
		45DE4BA717ABBF960088C2AB /* MENU_LOGOUT_BUTTON.png in Resources */ = {isa = PBXBuildFile; fileRef = 45DE4B9D17ABBF960088C2AB /* MENU_LOGOUT_BUTTON.png */; };
		45DE4BA817ABBF960088C2AB /* MENU_MUTE LIST_BUTTON.png in Resources */ = {isa = PBXBuildFile; fileRef = 45DE4B9E17ABBF960088C2AB /* MENU_MUTE LIST_BUTTON.png */; };
		45DE4BA917ABBF960088C2AB /* MENU_OTHERS_BAR.png in Resources */ = {isa = PBXBuildFile; fileRef = 45DE4B9F17ABBF960088C2AB /* MENU_OTHERS_BAR.png */; };
		45DE4BAA17ABBF960088C2AB /* MENU_PROBLEM_BUTTON.png in Resources */ = {isa = PBXBuildFile; fileRef = 45DE4BA017ABBF960088C2AB /* MENU_PROBLEM_BUTTON.png */; };
		45DE4BAB17ABBF960088C2AB /* MENU_PROFILE_BUTTON.png in Resources */ = {isa = PBXBuildFile; fileRef = 45DE4BA117ABBF960088C2AB /* MENU_PROFILE_BUTTON.png */; };
		45DE4BAC17ABBF960088C2AB /* MENU_SETTING_BUTTON.png in Resources */ = {isa = PBXBuildFile; fileRef = 45DE4BA217ABBF960088C2AB /* MENU_SETTING_BUTTON.png */; };
		45DE4BAD17ABBF960088C2AB /* MENU_TERM OF USE_BUTTON.png in Resources */ = {isa = PBXBuildFile; fileRef = 45DE4BA317ABBF960088C2AB /* MENU_TERM OF USE_BUTTON.png */; };
		45DE4BAE17ABBF960088C2AB /* MENU_YOU_BAR.png in Resources */ = {isa = PBXBuildFile; fileRef = 45DE4BA417ABBF960088C2AB /* MENU_YOU_BAR.png */; };
		45DE4BAF17ABBF960088C2AB /* MENU_YOUR TIMELINE_BUTTON.png in Resources */ = {isa = PBXBuildFile; fileRef = 45DE4BA517ABBF960088C2AB /* MENU_YOUR TIMELINE_BUTTON.png */; };
		45DE4BB217ABBFA70088C2AB /* MENU_BAR.png in Resources */ = {isa = PBXBuildFile; fileRef = 45DE4BB017ABBFA60088C2AB /* MENU_BAR.png */; };
		45DE4BB317ABBFA70088C2AB /* MENU_BUTTON.png in Resources */ = {isa = PBXBuildFile; fileRef = 45DE4BB117ABBFA60088C2AB /* MENU_BUTTON.png */; };
		45DE4BB617ABD55A0088C2AB /* RMPPlaceFactory.m in Sources */ = {isa = PBXBuildFile; fileRef = 45DE4BB517ABD55A0088C2AB /* RMPPlaceFactory.m */; };
		45DE4BBC17ABE0A50088C2AB /* PIN_PLAY.png in Resources */ = {isa = PBXBuildFile; fileRef = 45DE4BBB17ABE0A50088C2AB /* PIN_PLAY.png */; };
		45DE4BBE17ABE0B40088C2AB /* PIN_EAT.png in Resources */ = {isa = PBXBuildFile; fileRef = 45DE4BBD17ABE0B40088C2AB /* PIN_EAT.png */; };
		45DE4BC017ABE0BC0088C2AB /* PIN_BUZZ.png in Resources */ = {isa = PBXBuildFile; fileRef = 45DE4BBF17ABE0BC0088C2AB /* PIN_BUZZ.png */; };
		45DE4BC217ABE0C70088C2AB /* PIN_SHOP.png in Resources */ = {isa = PBXBuildFile; fileRef = 45DE4BC117ABE0C70088C2AB /* PIN_SHOP.png */; };
		45E370D51782EADD006EE5F9 /* MainStoryboard_iPhone.storyboard in Resources */ = {isa = PBXBuildFile; fileRef = 45E370D31782EADD006EE5F9 /* MainStoryboard_iPhone.storyboard */; };
		45E370D81782EBC5006EE5F9 /* BuzzFormViewController.m in Sources */ = {isa = PBXBuildFile; fileRef = 45E370D71782EBC5006EE5F9 /* BuzzFormViewController.m */; };
		45E48974177F9A87002FF5FB /* InfoViewController.m in Sources */ = {isa = PBXBuildFile; fileRef = 45E48973177F9A87002FF5FB /* InfoViewController.m */; };
		45E48977177F9F7D002FF5FB /* InfoCell.m in Sources */ = {isa = PBXBuildFile; fileRef = 45E48976177F9F7D002FF5FB /* InfoCell.m */; };
		45E4AC0B177E8ADF006619F1 /* UIKit.framework in Frameworks */ = {isa = PBXBuildFile; fileRef = 45E4AC0A177E8ADF006619F1 /* UIKit.framework */; };
		45E4AC0D177E8ADF006619F1 /* Foundation.framework in Frameworks */ = {isa = PBXBuildFile; fileRef = 45E4AC0C177E8ADF006619F1 /* Foundation.framework */; };
		45E4AC0F177E8ADF006619F1 /* CoreGraphics.framework in Frameworks */ = {isa = PBXBuildFile; fileRef = 45E4AC0E177E8ADF006619F1 /* CoreGraphics.framework */; };
		45E4AC15177E8ADF006619F1 /* InfoPlist.strings in Resources */ = {isa = PBXBuildFile; fileRef = 45E4AC13177E8ADF006619F1 /* InfoPlist.strings */; };
		45E4AC17177E8ADF006619F1 /* main.m in Sources */ = {isa = PBXBuildFile; fileRef = 45E4AC16177E8ADF006619F1 /* main.m */; };
		45E4AC1B177E8ADF006619F1 /* AppDelegate.m in Sources */ = {isa = PBXBuildFile; fileRef = 45E4AC1A177E8ADF006619F1 /* AppDelegate.m */; };
		45E4AC1D177E8ADF006619F1 /* Default.png in Resources */ = {isa = PBXBuildFile; fileRef = 45E4AC1C177E8ADF006619F1 /* Default.png */; };
		45E4AC1F177E8ADF006619F1 /* Default@2x.png in Resources */ = {isa = PBXBuildFile; fileRef = 45E4AC1E177E8ADF006619F1 /* Default@2x.png */; };
		45E4AC21177E8ADF006619F1 /* Default-568h@2x.png in Resources */ = {isa = PBXBuildFile; fileRef = 45E4AC20177E8ADF006619F1 /* Default-568h@2x.png */; };
		45E4AC2A177E8ADF006619F1 /* MapViewController.m in Sources */ = {isa = PBXBuildFile; fileRef = 45E4AC29177E8ADF006619F1 /* MapViewController.m */; };
		45E4AC32177E8ADF006619F1 /* SenTestingKit.framework in Frameworks */ = {isa = PBXBuildFile; fileRef = 45E4AC31177E8ADF006619F1 /* SenTestingKit.framework */; };
		45E4AC33177E8ADF006619F1 /* UIKit.framework in Frameworks */ = {isa = PBXBuildFile; fileRef = 45E4AC0A177E8ADF006619F1 /* UIKit.framework */; };
		45E4AC34177E8ADF006619F1 /* Foundation.framework in Frameworks */ = {isa = PBXBuildFile; fileRef = 45E4AC0C177E8ADF006619F1 /* Foundation.framework */; };
		45E4AC3C177E8ADF006619F1 /* InfoPlist.strings in Resources */ = {isa = PBXBuildFile; fileRef = 45E4AC3A177E8ADF006619F1 /* InfoPlist.strings */; };
		45E4AC3F177E8ADF006619F1 /* ReMapp1Tests.m in Sources */ = {isa = PBXBuildFile; fileRef = 45E4AC3E177E8ADF006619F1 /* ReMapp1Tests.m */; };
		45E4AC4A177E95CC006619F1 /* MobileCoreServices.framework in Frameworks */ = {isa = PBXBuildFile; fileRef = 45E4AC49177E95CC006619F1 /* MobileCoreServices.framework */; };
		45E4AC4C177E95D5006619F1 /* MapKit.framework in Frameworks */ = {isa = PBXBuildFile; fileRef = 45E4AC4B177E95D5006619F1 /* MapKit.framework */; };
		45E4AC4E177E95DF006619F1 /* AddressBook.framework in Frameworks */ = {isa = PBXBuildFile; fileRef = 45E4AC4D177E95DF006619F1 /* AddressBook.framework */; };
		45E4AC50177E95F3006619F1 /* CoreLocation.framework in Frameworks */ = {isa = PBXBuildFile; fileRef = 45E4AC4F177E95F3006619F1 /* CoreLocation.framework */; };
		45E9977B17A66C7A00C8675A /* PROBLEM_BAR.png in Resources */ = {isa = PBXBuildFile; fileRef = 45E9977A17A66C7A00C8675A /* PROBLEM_BAR.png */; };
		45E9977E17A66C9600C8675A /* PROFILE_BAR.png in Resources */ = {isa = PBXBuildFile; fileRef = 45E9977D17A66C9600C8675A /* PROFILE_BAR.png */; };
		45F29A4717AA70B5007E7205 /* RMPHTTPImageUpload.m in Sources */ = {isa = PBXBuildFile; fileRef = 45F29A4617AA70B5007E7205 /* RMPHTTPImageUpload.m */; };
		45F39AAA17975002003B943A /* RMPNonVisibleSearchBar.m in Sources */ = {isa = PBXBuildFile; fileRef = 45F39AA917975002003B943A /* RMPNonVisibleSearchBar.m */; };
		45F39AAF1797550E003B943A /* writeFormPin.png in Resources */ = {isa = PBXBuildFile; fileRef = 45F39AAE1797550E003B943A /* writeFormPin.png */; };
		45F39AB01797550E003B943A /* writeFormPin.png in Resources */ = {isa = PBXBuildFile; fileRef = 45F39AAE1797550E003B943A /* writeFormPin.png */; };
		45F6EBAE179819580091C4E0 /* RMPUser.m in Sources */ = {isa = PBXBuildFile; fileRef = 45F6EBAD179819580091C4E0 /* RMPUser.m */; };
		472B8E6D17A37C9C00AFB170 /* libTestFlight.a in Frameworks */ = {isa = PBXBuildFile; fileRef = 472B8E6917A37C9C00AFB170 /* libTestFlight.a */; };
		472B8E6E17A37C9C00AFB170 /* README.md in Resources */ = {isa = PBXBuildFile; fileRef = 472B8E6A17A37C9C00AFB170 /* README.md */; };
		472B8E6F17A37C9C00AFB170 /* release_notes.md in Resources */ = {isa = PBXBuildFile; fileRef = 472B8E6B17A37C9C00AFB170 /* release_notes.md */; };
		472B8E7117A37CC200AFB170 /* libz.dylib in Frameworks */ = {isa = PBXBuildFile; fileRef = 472B8E7017A37CC200AFB170 /* libz.dylib */; };
/* End PBXBuildFile section */

/* Begin PBXContainerItemProxy section */
		45E4AC35177E8ADF006619F1 /* PBXContainerItemProxy */ = {
			isa = PBXContainerItemProxy;
			containerPortal = 45E4ABFF177E8ADF006619F1 /* Project object */;
			proxyType = 1;
			remoteGlobalIDString = 45E4AC06177E8ADF006619F1;
			remoteInfo = ReMapp1;
		};
/* End PBXContainerItemProxy section */

/* Begin PBXFileReference section */
		450452F617ABAD03002F0981 /* MENU_CHECK LIST_BUTTON.png */ = {isa = PBXFileReference; lastKnownFileType = image.png; path = "MENU_CHECK LIST_BUTTON.png"; sourceTree = "<group>"; };
		450C35B51787831D00484A9E /* bigmarker.png */ = {isa = PBXFileReference; lastKnownFileType = image.png; path = bigmarker.png; sourceTree = "<group>"; };
		45274E6A179A774300A4CE59 /* RMPBuzzCell.h */ = {isa = PBXFileReference; fileEncoding = 4; lastKnownFileType = sourcecode.c.h; path = RMPBuzzCell.h; sourceTree = "<group>"; };
		45274E6B179A774300A4CE59 /* RMPBuzzCell.m */ = {isa = PBXFileReference; fileEncoding = 4; lastKnownFileType = sourcecode.c.objc; path = RMPBuzzCell.m; sourceTree = "<group>"; };
		45274E6D179A779400A4CE59 /* RMPTimeLineTableViewController.h */ = {isa = PBXFileReference; fileEncoding = 4; lastKnownFileType = sourcecode.c.h; path = RMPTimeLineTableViewController.h; sourceTree = "<group>"; };
		45274E6E179A779400A4CE59 /* RMPTimeLineTableViewController.m */ = {isa = PBXFileReference; fileEncoding = 4; lastKnownFileType = sourcecode.c.objc; path = RMPTimeLineTableViewController.m; sourceTree = "<group>"; };
		452C975B17A3FBE00000CF51 /* RMPLazyImageView.h */ = {isa = PBXFileReference; fileEncoding = 4; lastKnownFileType = sourcecode.c.h; path = RMPLazyImageView.h; sourceTree = "<group>"; };
		452C975C17A3FBE00000CF51 /* RMPLazyImageView.m */ = {isa = PBXFileReference; fileEncoding = 4; lastKnownFileType = sourcecode.c.objc; path = RMPLazyImageView.m; sourceTree = "<group>"; };
		4557179017A4FD5800F6483F /* RMPMenuViewController.h */ = {isa = PBXFileReference; fileEncoding = 4; lastKnownFileType = sourcecode.c.h; path = RMPMenuViewController.h; sourceTree = "<group>"; };
		4557179117A4FD5800F6483F /* RMPMenuViewController.m */ = {isa = PBXFileReference; fileEncoding = 4; lastKnownFileType = sourcecode.c.objc; path = RMPMenuViewController.m; sourceTree = "<group>"; };
		457D15FE17942E20007F2E8A /* RMPSlidingViewController.h */ = {isa = PBXFileReference; fileEncoding = 4; lastKnownFileType = sourcecode.c.h; path = RMPSlidingViewController.h; sourceTree = "<group>"; };
		457D15FF17942E20007F2E8A /* RMPSlidingViewController.m */ = {isa = PBXFileReference; fileEncoding = 4; lastKnownFileType = sourcecode.c.objc; path = RMPSlidingViewController.m; sourceTree = "<group>"; };
		457D160117942F57007F2E8A /* RMPInitialSlidingViewController.h */ = {isa = PBXFileReference; fileEncoding = 4; lastKnownFileType = sourcecode.c.h; path = RMPInitialSlidingViewController.h; sourceTree = "<group>"; };
		457D160217942F57007F2E8A /* RMPInitialSlidingViewController.m */ = {isa = PBXFileReference; fileEncoding = 4; lastKnownFileType = sourcecode.c.objc; path = RMPInitialSlidingViewController.m; sourceTree = "<group>"; };
		457FEB521795E20900616D23 /* RMPAnnotation.h */ = {isa = PBXFileReference; fileEncoding = 4; lastKnownFileType = sourcecode.c.h; path = RMPAnnotation.h; sourceTree = "<group>"; };
		457FEB531795E20900616D23 /* RMPAnnotation.m */ = {isa = PBXFileReference; fileEncoding = 4; lastKnownFileType = sourcecode.c.objc; path = RMPAnnotation.m; sourceTree = "<group>"; };
		45952DBA177FDE5D0083B7D0 /* BuzzData.csv */ = {isa = PBXFileReference; fileEncoding = 4; lastKnownFileType = text; path = BuzzData.csv; sourceTree = "<group>"; };
		45952DC2177FDFFD0083B7D0 /* pin.png */ = {isa = PBXFileReference; lastKnownFileType = image.png; path = pin.png; sourceTree = "<group>"; };
		45952DC7177FE7250083B7D0 /* RMPBuzzData.h */ = {isa = PBXFileReference; fileEncoding = 4; lastKnownFileType = sourcecode.c.h; path = RMPBuzzData.h; sourceTree = "<group>"; };
		45952DC8177FE7250083B7D0 /* RMPBuzzData.m */ = {isa = PBXFileReference; fileEncoding = 4; lastKnownFileType = sourcecode.c.objc; path = RMPBuzzData.m; sourceTree = "<group>"; };
		45952DCB177FE7340083B7D0 /* RMPPlace.h */ = {isa = PBXFileReference; fileEncoding = 4; lastKnownFileType = sourcecode.c.h; path = RMPPlace.h; sourceTree = "<group>"; };
		45952DCC177FE7340083B7D0 /* RMPPlace.m */ = {isa = PBXFileReference; fileEncoding = 4; lastKnownFileType = sourcecode.c.objc; path = RMPPlace.m; sourceTree = "<group>"; };
		45952DCF177FE7750083B7D0 /* CSVHandler.h */ = {isa = PBXFileReference; fileEncoding = 4; lastKnownFileType = sourcecode.c.h; path = CSVHandler.h; sourceTree = "<group>"; };
		45952DD0177FE7750083B7D0 /* CSVHandler.m */ = {isa = PBXFileReference; fileEncoding = 4; lastKnownFileType = sourcecode.c.objc; path = CSVHandler.m; sourceTree = "<group>"; };
		459A590D17A55CD70089BCC9 /* RMPProfileViewController.h */ = {isa = PBXFileReference; fileEncoding = 4; lastKnownFileType = sourcecode.c.h; path = RMPProfileViewController.h; sourceTree = "<group>"; };
		459A590E17A55CD70089BCC9 /* RMPProfileViewController.m */ = {isa = PBXFileReference; fileEncoding = 4; lastKnownFileType = sourcecode.c.objc; path = RMPProfileViewController.m; sourceTree = "<group>"; };
		459A591017A55D010089BCC9 /* RMPYourTimeLineViewController.h */ = {isa = PBXFileReference; fileEncoding = 4; lastKnownFileType = sourcecode.c.h; path = RMPYourTimeLineViewController.h; sourceTree = "<group>"; };
		459A591117A55D010089BCC9 /* RMPYourTimeLineViewController.m */ = {isa = PBXFileReference; fileEncoding = 4; lastKnownFileType = sourcecode.c.objc; path = RMPYourTimeLineViewController.m; sourceTree = "<group>"; };
		459A591317A55D180089BCC9 /* RMPCheckListViewController.h */ = {isa = PBXFileReference; fileEncoding = 4; lastKnownFileType = sourcecode.c.h; path = RMPCheckListViewController.h; sourceTree = "<group>"; };
		459A591417A55D180089BCC9 /* RMPCheckListViewController.m */ = {isa = PBXFileReference; fileEncoding = 4; lastKnownFileType = sourcecode.c.objc; path = RMPCheckListViewController.m; sourceTree = "<group>"; };
		459A591617A55D2D0089BCC9 /* RMPMuteListViewController.h */ = {isa = PBXFileReference; fileEncoding = 4; lastKnownFileType = sourcecode.c.h; path = RMPMuteListViewController.h; sourceTree = "<group>"; };
		459A591717A55D2D0089BCC9 /* RMPMuteListViewController.m */ = {isa = PBXFileReference; fileEncoding = 4; lastKnownFileType = sourcecode.c.objc; path = RMPMuteListViewController.m; sourceTree = "<group>"; };
		459A591917A55D440089BCC9 /* RMPSettingViewController.h */ = {isa = PBXFileReference; fileEncoding = 4; lastKnownFileType = sourcecode.c.h; path = RMPSettingViewController.h; sourceTree = "<group>"; };
		459A591A17A55D440089BCC9 /* RMPSettingViewController.m */ = {isa = PBXFileReference; fileEncoding = 4; lastKnownFileType = sourcecode.c.objc; path = RMPSettingViewController.m; sourceTree = "<group>"; };
		459A591C17A55D570089BCC9 /* RMPTermOfUseViewController.h */ = {isa = PBXFileReference; fileEncoding = 4; lastKnownFileType = sourcecode.c.h; path = RMPTermOfUseViewController.h; sourceTree = "<group>"; };
		459A591D17A55D570089BCC9 /* RMPTermOfUseViewController.m */ = {isa = PBXFileReference; fileEncoding = 4; lastKnownFileType = sourcecode.c.objc; path = RMPTermOfUseViewController.m; sourceTree = "<group>"; };
		459A591F17A55D6D0089BCC9 /* RMPProblemViewController.h */ = {isa = PBXFileReference; fileEncoding = 4; lastKnownFileType = sourcecode.c.h; path = RMPProblemViewController.h; sourceTree = "<group>"; };
		459A592017A55D6D0089BCC9 /* RMPProblemViewController.m */ = {isa = PBXFileReference; fileEncoding = 4; lastKnownFileType = sourcecode.c.objc; path = RMPProblemViewController.m; sourceTree = "<group>"; };
		459A592217A55D7D0089BCC9 /* RMPLogOutViewController.h */ = {isa = PBXFileReference; fileEncoding = 4; lastKnownFileType = sourcecode.c.h; path = RMPLogOutViewController.h; sourceTree = "<group>"; };
		459A592317A55D7D0089BCC9 /* RMPLogOutViewController.m */ = {isa = PBXFileReference; fileEncoding = 4; lastKnownFileType = sourcecode.c.objc; path = RMPLogOutViewController.m; sourceTree = "<group>"; };
		45AD9DC51784EC9900242750 /* UIPlaceHolderTextView.h */ = {isa = PBXFileReference; fileEncoding = 4; lastKnownFileType = sourcecode.c.h; path = UIPlaceHolderTextView.h; sourceTree = "<group>"; };
		45AD9DC61784EC9900242750 /* UIPlaceHolderTextView.m */ = {isa = PBXFileReference; fileEncoding = 4; lastKnownFileType = sourcecode.c.objc; path = UIPlaceHolderTextView.m; sourceTree = "<group>"; };
		45B2BDDA1799FE400051B90A /* RMPHTTPConnection.h */ = {isa = PBXFileReference; fileEncoding = 4; lastKnownFileType = sourcecode.c.h; path = RMPHTTPConnection.h; sourceTree = "<group>"; };
		45B2BDDB1799FE400051B90A /* RMPHTTPConnection.m */ = {isa = PBXFileReference; fileEncoding = 4; lastKnownFileType = sourcecode.c.objc; path = RMPHTTPConnection.m; sourceTree = "<group>"; };
		45C537FA179D7DCB0077FFA3 /* currentLocation.png */ = {isa = PBXFileReference; lastKnownFileType = image.png; path = currentLocation.png; sourceTree = "<group>"; };
		45C76F2E1796BF7000BD184C /* pin1.png */ = {isa = PBXFileReference; lastKnownFileType = image.png; path = pin1.png; sourceTree = "<group>"; };
		45C76F2F1796BF7000BD184C /* pin2.png */ = {isa = PBXFileReference; lastKnownFileType = image.png; path = pin2.png; sourceTree = "<group>"; };
		45C76F371796C73200BD184C /* RMPNonVisibleToolBar.h */ = {isa = PBXFileReference; fileEncoding = 4; lastKnownFileType = sourcecode.c.h; path = RMPNonVisibleToolBar.h; sourceTree = "<group>"; };
		45C76F381796C73200BD184C /* RMPNonVisibleToolBar.m */ = {isa = PBXFileReference; fileEncoding = 4; lastKnownFileType = sourcecode.c.objc; path = RMPNonVisibleToolBar.m; sourceTree = "<group>"; };
		45DABF02179D3530001E9A7C /* RMPMapView.h */ = {isa = PBXFileReference; fileEncoding = 4; lastKnownFileType = sourcecode.c.h; path = RMPMapView.h; sourceTree = "<group>"; };
		45DABF03179D3530001E9A7C /* RMPMapView.m */ = {isa = PBXFileReference; fileEncoding = 4; lastKnownFileType = sourcecode.c.objc; path = RMPMapView.m; sourceTree = "<group>"; };
		45DABF05179D7755001E9A7C /* buzzPin.png */ = {isa = PBXFileReference; lastKnownFileType = image.png; path = buzzPin.png; sourceTree = "<group>"; };
		45DABF07179D7927001E9A7C /* playPin.png */ = {isa = PBXFileReference; lastKnownFileType = image.png; path = playPin.png; sourceTree = "<group>"; };
		45DE4B9C17ABBF960088C2AB /* MENU_LIST_BAR.png */ = {isa = PBXFileReference; lastKnownFileType = image.png; path = MENU_LIST_BAR.png; sourceTree = "<group>"; };
		45DE4B9D17ABBF960088C2AB /* MENU_LOGOUT_BUTTON.png */ = {isa = PBXFileReference; lastKnownFileType = image.png; path = MENU_LOGOUT_BUTTON.png; sourceTree = "<group>"; };
		45DE4B9E17ABBF960088C2AB /* MENU_MUTE LIST_BUTTON.png */ = {isa = PBXFileReference; lastKnownFileType = image.png; path = "MENU_MUTE LIST_BUTTON.png"; sourceTree = "<group>"; };
		45DE4B9F17ABBF960088C2AB /* MENU_OTHERS_BAR.png */ = {isa = PBXFileReference; lastKnownFileType = image.png; path = MENU_OTHERS_BAR.png; sourceTree = "<group>"; };
		45DE4BA017ABBF960088C2AB /* MENU_PROBLEM_BUTTON.png */ = {isa = PBXFileReference; lastKnownFileType = image.png; path = MENU_PROBLEM_BUTTON.png; sourceTree = "<group>"; };
		45DE4BA117ABBF960088C2AB /* MENU_PROFILE_BUTTON.png */ = {isa = PBXFileReference; lastKnownFileType = image.png; path = MENU_PROFILE_BUTTON.png; sourceTree = "<group>"; };
		45DE4BA217ABBF960088C2AB /* MENU_SETTING_BUTTON.png */ = {isa = PBXFileReference; lastKnownFileType = image.png; path = MENU_SETTING_BUTTON.png; sourceTree = "<group>"; };
		45DE4BA317ABBF960088C2AB /* MENU_TERM OF USE_BUTTON.png */ = {isa = PBXFileReference; lastKnownFileType = image.png; path = "MENU_TERM OF USE_BUTTON.png"; sourceTree = "<group>"; };
		45DE4BA417ABBF960088C2AB /* MENU_YOU_BAR.png */ = {isa = PBXFileReference; lastKnownFileType = image.png; path = MENU_YOU_BAR.png; sourceTree = "<group>"; };
		45DE4BA517ABBF960088C2AB /* MENU_YOUR TIMELINE_BUTTON.png */ = {isa = PBXFileReference; lastKnownFileType = image.png; path = "MENU_YOUR TIMELINE_BUTTON.png"; sourceTree = "<group>"; };
		45DE4BB017ABBFA60088C2AB /* MENU_BAR.png */ = {isa = PBXFileReference; lastKnownFileType = image.png; path = MENU_BAR.png; sourceTree = "<group>"; };
		45DE4BB117ABBFA60088C2AB /* MENU_BUTTON.png */ = {isa = PBXFileReference; lastKnownFileType = image.png; path = MENU_BUTTON.png; sourceTree = "<group>"; };
		45DE4BB417ABD55A0088C2AB /* RMPPlaceFactory.h */ = {isa = PBXFileReference; fileEncoding = 4; lastKnownFileType = sourcecode.c.h; path = RMPPlaceFactory.h; sourceTree = "<group>"; };
		45DE4BB517ABD55A0088C2AB /* RMPPlaceFactory.m */ = {isa = PBXFileReference; fileEncoding = 4; lastKnownFileType = sourcecode.c.objc; path = RMPPlaceFactory.m; sourceTree = "<group>"; };
		45DE4BBB17ABE0A50088C2AB /* PIN_PLAY.png */ = {isa = PBXFileReference; lastKnownFileType = image.png; path = PIN_PLAY.png; sourceTree = "<group>"; };
		45DE4BBD17ABE0B40088C2AB /* PIN_EAT.png */ = {isa = PBXFileReference; lastKnownFileType = image.png; path = PIN_EAT.png; sourceTree = "<group>"; };
		45DE4BBF17ABE0BC0088C2AB /* PIN_BUZZ.png */ = {isa = PBXFileReference; lastKnownFileType = image.png; path = PIN_BUZZ.png; sourceTree = "<group>"; };
		45DE4BC117ABE0C70088C2AB /* PIN_SHOP.png */ = {isa = PBXFileReference; lastKnownFileType = image.png; path = PIN_SHOP.png; sourceTree = "<group>"; };
		45E370D41782EADD006EE5F9 /* en */ = {isa = PBXFileReference; lastKnownFileType = file.storyboard; name = en; path = ReMapp1/en.lproj/MainStoryboard_iPhone.storyboard; sourceTree = "<group>"; };
		45E370D61782EBC5006EE5F9 /* BuzzFormViewController.h */ = {isa = PBXFileReference; fileEncoding = 4; lastKnownFileType = sourcecode.c.h; path = BuzzFormViewController.h; sourceTree = "<group>"; };
		45E370D71782EBC5006EE5F9 /* BuzzFormViewController.m */ = {isa = PBXFileReference; fileEncoding = 4; lastKnownFileType = sourcecode.c.objc; path = BuzzFormViewController.m; sourceTree = "<group>"; };
		45E48972177F9A87002FF5FB /* InfoViewController.h */ = {isa = PBXFileReference; fileEncoding = 4; lastKnownFileType = sourcecode.c.h; path = InfoViewController.h; sourceTree = "<group>"; };
		45E48973177F9A87002FF5FB /* InfoViewController.m */ = {isa = PBXFileReference; fileEncoding = 4; lastKnownFileType = sourcecode.c.objc; path = InfoViewController.m; sourceTree = "<group>"; };
		45E48975177F9F7D002FF5FB /* InfoCell.h */ = {isa = PBXFileReference; fileEncoding = 4; lastKnownFileType = sourcecode.c.h; path = InfoCell.h; sourceTree = "<group>"; };
		45E48976177F9F7D002FF5FB /* InfoCell.m */ = {isa = PBXFileReference; fileEncoding = 4; lastKnownFileType = sourcecode.c.objc; path = InfoCell.m; sourceTree = "<group>"; };
		45E4AC07177E8ADF006619F1 /* ReMapp1.app */ = {isa = PBXFileReference; explicitFileType = wrapper.application; includeInIndex = 0; path = ReMapp1.app; sourceTree = BUILT_PRODUCTS_DIR; };
		45E4AC0A177E8ADF006619F1 /* UIKit.framework */ = {isa = PBXFileReference; lastKnownFileType = wrapper.framework; name = UIKit.framework; path = System/Library/Frameworks/UIKit.framework; sourceTree = SDKROOT; };
		45E4AC0C177E8ADF006619F1 /* Foundation.framework */ = {isa = PBXFileReference; lastKnownFileType = wrapper.framework; name = Foundation.framework; path = System/Library/Frameworks/Foundation.framework; sourceTree = SDKROOT; };
		45E4AC0E177E8ADF006619F1 /* CoreGraphics.framework */ = {isa = PBXFileReference; lastKnownFileType = wrapper.framework; name = CoreGraphics.framework; path = System/Library/Frameworks/CoreGraphics.framework; sourceTree = SDKROOT; };
		45E4AC12177E8ADF006619F1 /* ReMapp1-Info.plist */ = {isa = PBXFileReference; lastKnownFileType = text.plist.xml; path = "ReMapp1-Info.plist"; sourceTree = "<group>"; };
		45E4AC14177E8ADF006619F1 /* en */ = {isa = PBXFileReference; lastKnownFileType = text.plist.strings; name = en; path = en.lproj/InfoPlist.strings; sourceTree = "<group>"; };
		45E4AC16177E8ADF006619F1 /* main.m */ = {isa = PBXFileReference; lastKnownFileType = sourcecode.c.objc; path = main.m; sourceTree = "<group>"; };
		45E4AC18177E8ADF006619F1 /* ReMapp1-Prefix.pch */ = {isa = PBXFileReference; lastKnownFileType = sourcecode.c.h; path = "ReMapp1-Prefix.pch"; sourceTree = "<group>"; };
		45E4AC19177E8ADF006619F1 /* AppDelegate.h */ = {isa = PBXFileReference; lastKnownFileType = sourcecode.c.h; path = AppDelegate.h; sourceTree = "<group>"; };
		45E4AC1A177E8ADF006619F1 /* AppDelegate.m */ = {isa = PBXFileReference; lastKnownFileType = sourcecode.c.objc; path = AppDelegate.m; sourceTree = "<group>"; };
		45E4AC1C177E8ADF006619F1 /* Default.png */ = {isa = PBXFileReference; lastKnownFileType = image.png; path = Default.png; sourceTree = "<group>"; };
		45E4AC1E177E8ADF006619F1 /* Default@2x.png */ = {isa = PBXFileReference; lastKnownFileType = image.png; path = "Default@2x.png"; sourceTree = "<group>"; };
		45E4AC20177E8ADF006619F1 /* Default-568h@2x.png */ = {isa = PBXFileReference; lastKnownFileType = image.png; path = "Default-568h@2x.png"; sourceTree = "<group>"; };
		45E4AC28177E8ADF006619F1 /* MapViewController.h */ = {isa = PBXFileReference; lastKnownFileType = sourcecode.c.h; path = MapViewController.h; sourceTree = "<group>"; };
		45E4AC29177E8ADF006619F1 /* MapViewController.m */ = {isa = PBXFileReference; lastKnownFileType = sourcecode.c.objc; path = MapViewController.m; sourceTree = "<group>"; };
		45E4AC30177E8ADF006619F1 /* ReMapp1Tests.octest */ = {isa = PBXFileReference; explicitFileType = wrapper.cfbundle; includeInIndex = 0; path = ReMapp1Tests.octest; sourceTree = BUILT_PRODUCTS_DIR; };
		45E4AC31177E8ADF006619F1 /* SenTestingKit.framework */ = {isa = PBXFileReference; lastKnownFileType = wrapper.framework; name = SenTestingKit.framework; path = Library/Frameworks/SenTestingKit.framework; sourceTree = DEVELOPER_DIR; };
		45E4AC39177E8ADF006619F1 /* ReMapp1Tests-Info.plist */ = {isa = PBXFileReference; lastKnownFileType = text.plist.xml; path = "ReMapp1Tests-Info.plist"; sourceTree = "<group>"; };
		45E4AC3B177E8ADF006619F1 /* en */ = {isa = PBXFileReference; lastKnownFileType = text.plist.strings; name = en; path = en.lproj/InfoPlist.strings; sourceTree = "<group>"; };
		45E4AC3D177E8ADF006619F1 /* ReMapp1Tests.h */ = {isa = PBXFileReference; lastKnownFileType = sourcecode.c.h; path = ReMapp1Tests.h; sourceTree = "<group>"; };
		45E4AC3E177E8ADF006619F1 /* ReMapp1Tests.m */ = {isa = PBXFileReference; lastKnownFileType = sourcecode.c.objc; path = ReMapp1Tests.m; sourceTree = "<group>"; };
		45E4AC49177E95CC006619F1 /* MobileCoreServices.framework */ = {isa = PBXFileReference; lastKnownFileType = wrapper.framework; name = MobileCoreServices.framework; path = System/Library/Frameworks/MobileCoreServices.framework; sourceTree = SDKROOT; };
		45E4AC4B177E95D5006619F1 /* MapKit.framework */ = {isa = PBXFileReference; lastKnownFileType = wrapper.framework; name = MapKit.framework; path = System/Library/Frameworks/MapKit.framework; sourceTree = SDKROOT; };
		45E4AC4D177E95DF006619F1 /* AddressBook.framework */ = {isa = PBXFileReference; lastKnownFileType = wrapper.framework; name = AddressBook.framework; path = System/Library/Frameworks/AddressBook.framework; sourceTree = SDKROOT; };
		45E4AC4F177E95F3006619F1 /* CoreLocation.framework */ = {isa = PBXFileReference; lastKnownFileType = wrapper.framework; name = CoreLocation.framework; path = System/Library/Frameworks/CoreLocation.framework; sourceTree = SDKROOT; };
		45E9977A17A66C7A00C8675A /* PROBLEM_BAR.png */ = {isa = PBXFileReference; lastKnownFileType = image.png; path = PROBLEM_BAR.png; sourceTree = "<group>"; };
		45E9977D17A66C9600C8675A /* PROFILE_BAR.png */ = {isa = PBXFileReference; lastKnownFileType = image.png; path = PROFILE_BAR.png; sourceTree = "<group>"; };
		45F29A4517AA70B5007E7205 /* RMPHTTPImageUpload.h */ = {isa = PBXFileReference; fileEncoding = 4; lastKnownFileType = sourcecode.c.h; path = RMPHTTPImageUpload.h; sourceTree = "<group>"; };
		45F29A4617AA70B5007E7205 /* RMPHTTPImageUpload.m */ = {isa = PBXFileReference; fileEncoding = 4; lastKnownFileType = sourcecode.c.objc; path = RMPHTTPImageUpload.m; sourceTree = "<group>"; };
		45F39AA817975002003B943A /* RMPNonVisibleSearchBar.h */ = {isa = PBXFileReference; fileEncoding = 4; lastKnownFileType = sourcecode.c.h; path = RMPNonVisibleSearchBar.h; sourceTree = "<group>"; };
		45F39AA917975002003B943A /* RMPNonVisibleSearchBar.m */ = {isa = PBXFileReference; fileEncoding = 4; lastKnownFileType = sourcecode.c.objc; path = RMPNonVisibleSearchBar.m; sourceTree = "<group>"; };
		45F39AAE1797550E003B943A /* writeFormPin.png */ = {isa = PBXFileReference; lastKnownFileType = image.png; path = writeFormPin.png; sourceTree = "<group>"; };
		45F6EBAC179819580091C4E0 /* RMPUser.h */ = {isa = PBXFileReference; fileEncoding = 4; lastKnownFileType = sourcecode.c.h; path = RMPUser.h; sourceTree = "<group>"; };
		45F6EBAD179819580091C4E0 /* RMPUser.m */ = {isa = PBXFileReference; fileEncoding = 4; lastKnownFileType = sourcecode.c.objc; path = RMPUser.m; sourceTree = "<group>"; };
		472B8E6917A37C9C00AFB170 /* libTestFlight.a */ = {isa = PBXFileReference; lastKnownFileType = archive.ar; path = libTestFlight.a; sourceTree = "<group>"; };
		472B8E6A17A37C9C00AFB170 /* README.md */ = {isa = PBXFileReference; fileEncoding = 4; lastKnownFileType = text; path = README.md; sourceTree = "<group>"; };
		472B8E6B17A37C9C00AFB170 /* release_notes.md */ = {isa = PBXFileReference; fileEncoding = 4; lastKnownFileType = text; path = release_notes.md; sourceTree = "<group>"; };
		472B8E6C17A37C9C00AFB170 /* TestFlight.h */ = {isa = PBXFileReference; fileEncoding = 4; lastKnownFileType = sourcecode.c.h; path = TestFlight.h; sourceTree = "<group>"; };
		472B8E7017A37CC200AFB170 /* libz.dylib */ = {isa = PBXFileReference; lastKnownFileType = "compiled.mach-o.dylib"; name = libz.dylib; path = usr/lib/libz.dylib; sourceTree = SDKROOT; };
/* End PBXFileReference section */

/* Begin PBXFrameworksBuildPhase section */
		45E4AC04177E8ADF006619F1 /* Frameworks */ = {
			isa = PBXFrameworksBuildPhase;
			buildActionMask = 2147483647;
			files = (
				472B8E7117A37CC200AFB170 /* libz.dylib in Frameworks */,
				45E4AC50177E95F3006619F1 /* CoreLocation.framework in Frameworks */,
				45E4AC4E177E95DF006619F1 /* AddressBook.framework in Frameworks */,
				45E4AC4C177E95D5006619F1 /* MapKit.framework in Frameworks */,
				45E4AC4A177E95CC006619F1 /* MobileCoreServices.framework in Frameworks */,
				45E4AC0B177E8ADF006619F1 /* UIKit.framework in Frameworks */,
				45E4AC0D177E8ADF006619F1 /* Foundation.framework in Frameworks */,
				45E4AC0F177E8ADF006619F1 /* CoreGraphics.framework in Frameworks */,
				472B8E6D17A37C9C00AFB170 /* libTestFlight.a in Frameworks */,
			);
			runOnlyForDeploymentPostprocessing = 0;
		};
		45E4AC2C177E8ADF006619F1 /* Frameworks */ = {
			isa = PBXFrameworksBuildPhase;
			buildActionMask = 2147483647;
			files = (
				45E4AC32177E8ADF006619F1 /* SenTestingKit.framework in Frameworks */,
				45E4AC33177E8ADF006619F1 /* UIKit.framework in Frameworks */,
				45E4AC34177E8ADF006619F1 /* Foundation.framework in Frameworks */,
			);
			runOnlyForDeploymentPostprocessing = 0;
		};
/* End PBXFrameworksBuildPhase section */

/* Begin PBXGroup section */
		4506EA42179AD43D00AE8D0D /* RMPHorizontalSlidingViewController */ = {
			isa = PBXGroup;
			children = (
			);
			name = RMPHorizontalSlidingViewController;
			sourceTree = "<group>";
		};
		45193D051782E0D300E29FAA /* WriteForm */ = {
			isa = PBXGroup;
			children = (
				45E370D61782EBC5006EE5F9 /* BuzzFormViewController.h */,
				45E370D71782EBC5006EE5F9 /* BuzzFormViewController.m */,
			);
			name = WriteForm;
			sourceTree = "<group>";
		};
		45274E69179A772E00A4CE59 /* TimeLine */ = {
			isa = PBXGroup;
			children = (
				45274E6A179A774300A4CE59 /* RMPBuzzCell.h */,
				45274E6B179A774300A4CE59 /* RMPBuzzCell.m */,
				45274E6D179A779400A4CE59 /* RMPTimeLineTableViewController.h */,
				45274E6E179A779400A4CE59 /* RMPTimeLineTableViewController.m */,
			);
			name = TimeLine;
			sourceTree = "<group>";
		};
		452C975A17A3FB8E0000CF51 /* RMPLazyImageView */ = {
			isa = PBXGroup;
			children = (
				452C975B17A3FBE00000CF51 /* RMPLazyImageView.h */,
				452C975C17A3FBE00000CF51 /* RMPLazyImageView.m */,
			);
			name = RMPLazyImageView;
			sourceTree = "<group>";
		};
		45500B3717957CC500DCE98D /* Annotation */ = {
			isa = PBXGroup;
			children = (
				45C76F321796BF9600BD184C /* image */,
				457FEB521795E20900616D23 /* RMPAnnotation.h */,
				457FEB531795E20900616D23 /* RMPAnnotation.m */,
			);
			name = Annotation;
			sourceTree = "<group>";
		};
		4557178F17A4FD3400F6483F /* Menu */ = {
			isa = PBXGroup;
			children = (
				45E9977C17A66C8700C8675A /* image */,
				4557179017A4FD5800F6483F /* RMPMenuViewController.h */,
				4557179117A4FD5800F6483F /* RMPMenuViewController.m */,
				459A590D17A55CD70089BCC9 /* RMPProfileViewController.h */,
				459A590E17A55CD70089BCC9 /* RMPProfileViewController.m */,
				459A591017A55D010089BCC9 /* RMPYourTimeLineViewController.h */,
				459A591117A55D010089BCC9 /* RMPYourTimeLineViewController.m */,
				459A591317A55D180089BCC9 /* RMPCheckListViewController.h */,
				459A591417A55D180089BCC9 /* RMPCheckListViewController.m */,
				459A591617A55D2D0089BCC9 /* RMPMuteListViewController.h */,
				459A591717A55D2D0089BCC9 /* RMPMuteListViewController.m */,
				459A591917A55D440089BCC9 /* RMPSettingViewController.h */,
				459A591A17A55D440089BCC9 /* RMPSettingViewController.m */,
				459A591C17A55D570089BCC9 /* RMPTermOfUseViewController.h */,
				459A591D17A55D570089BCC9 /* RMPTermOfUseViewController.m */,
				459A591F17A55D6D0089BCC9 /* RMPProblemViewController.h */,
				459A592017A55D6D0089BCC9 /* RMPProblemViewController.m */,
				459A592217A55D7D0089BCC9 /* RMPLogOutViewController.h */,
				459A592317A55D7D0089BCC9 /* RMPLogOutViewController.m */,
			);
			name = Menu;
			sourceTree = "<group>";
		};
		457D15FC17942CCE007F2E8A /* Library */ = {
			isa = PBXGroup;
			children = (
				452C975A17A3FB8E0000CF51 /* RMPLazyImageView */,
				4506EA42179AD43D00AE8D0D /* RMPHorizontalSlidingViewController */,
				45B2BDDD179A09690051B90A /* UIPlaceHolderTextView */,
				45F39AA717974FDB003B943A /* RMPNonVisibleSearchBar */,
				45C76F331796C30000BD184C /* RMPNonVisibleToolBar */,
				457D15FD17942DF4007F2E8A /* RMPSlidingViewController */,
			);
			name = Library;
			sourceTree = "<group>";
		};
		457D15FD17942DF4007F2E8A /* RMPSlidingViewController */ = {
			isa = PBXGroup;
			children = (
				457D15FE17942E20007F2E8A /* RMPSlidingViewController.h */,
				457D15FF17942E20007F2E8A /* RMPSlidingViewController.m */,
			);
			name = RMPSlidingViewController;
			sourceTree = "<group>";
		};
		45952DB5177FDE370083B7D0 /* File */ = {
			isa = PBXGroup;
			children = (
				45952DCF177FE7750083B7D0 /* CSVHandler.h */,
				45952DD0177FE7750083B7D0 /* CSVHandler.m */,
			);
			name = File;
			sourceTree = "<group>";
		};
		45952DB9177FDE4E0083B7D0 /* TestData */ = {
			isa = PBXGroup;
			children = (
				45952DBA177FDE5D0083B7D0 /* BuzzData.csv */,
			);
			name = TestData;
			sourceTree = "<group>";
		};
		45AD9DCC1785749400242750 /* Buzz */ = {
			isa = PBXGroup;
			children = (
				45DE4BB717ABDC9D0088C2AB /* Place */,
				45952DC7177FE7250083B7D0 /* RMPBuzzData.h */,
				45952DC8177FE7250083B7D0 /* RMPBuzzData.m */,
				45DE4BB417ABD55A0088C2AB /* RMPPlaceFactory.h */,
				45DE4BB517ABD55A0088C2AB /* RMPPlaceFactory.m */,
			);
			name = Buzz;
			sourceTree = "<group>";
		};
		45B2BDD61799FB2E0051B90A /* HTTPConnection */ = {
			isa = PBXGroup;
			children = (
				45B2BDDA1799FE400051B90A /* RMPHTTPConnection.h */,
				45B2BDDB1799FE400051B90A /* RMPHTTPConnection.m */,
				45F29A4517AA70B5007E7205 /* RMPHTTPImageUpload.h */,
				45F29A4617AA70B5007E7205 /* RMPHTTPImageUpload.m */,
			);
			name = HTTPConnection;
			sourceTree = "<group>";
		};
		45B2BDDD179A09690051B90A /* UIPlaceHolderTextView */ = {
			isa = PBXGroup;
			children = (
				45AD9DC51784EC9900242750 /* UIPlaceHolderTextView.h */,
				45AD9DC61784EC9900242750 /* UIPlaceHolderTextView.m */,
			);
			name = UIPlaceHolderTextView;
			sourceTree = "<group>";
		};
		45C76F321796BF9600BD184C /* image */ = {
			isa = PBXGroup;
			children = (
				45DE4BBB17ABE0A50088C2AB /* PIN_PLAY.png */,
				45DE4BC117ABE0C70088C2AB /* PIN_SHOP.png */,
				45DABF05179D7755001E9A7C /* buzzPin.png */,
				45DE4BBF17ABE0BC0088C2AB /* PIN_BUZZ.png */,
				45DE4BBD17ABE0B40088C2AB /* PIN_EAT.png */,
				45DABF07179D7927001E9A7C /* playPin.png */,
				45F39AAE1797550E003B943A /* writeFormPin.png */,
				45952DC2177FDFFD0083B7D0 /* pin.png */,
				45C76F2E1796BF7000BD184C /* pin1.png */,
				45C76F2F1796BF7000BD184C /* pin2.png */,
				450C35B51787831D00484A9E /* bigmarker.png */,
			);
			name = image;
			sourceTree = "<group>";
		};
		45C76F331796C30000BD184C /* RMPNonVisibleToolBar */ = {
			isa = PBXGroup;
			children = (
				45C76F371796C73200BD184C /* RMPNonVisibleToolBar.h */,
				45C76F381796C73200BD184C /* RMPNonVisibleToolBar.m */,
			);
			name = RMPNonVisibleToolBar;
			sourceTree = "<group>";
		};
		45DE4BB717ABDC9D0088C2AB /* Place */ = {
			isa = PBXGroup;
			children = (
				45952DCB177FE7340083B7D0 /* RMPPlace.h */,
				45952DCC177FE7340083B7D0 /* RMPPlace.m */,
			);
			name = Place;
			sourceTree = "<group>";
		};
		45E48971177F9A43002FF5FB /* Info */ = {
			isa = PBXGroup;
			children = (
				45E48975177F9F7D002FF5FB /* InfoCell.h */,
				45E48976177F9F7D002FF5FB /* InfoCell.m */,
				45E48972177F9A87002FF5FB /* InfoViewController.h */,
				45E48973177F9A87002FF5FB /* InfoViewController.m */,
			);
			name = Info;
			sourceTree = "<group>";
		};
		45E48978177FB85A002FF5FB /* Model */ = {
			isa = PBXGroup;
			children = (
				45AD9DCC1785749400242750 /* Buzz */,
			);
			name = Model;
			sourceTree = "<group>";
		};
		45E4ABFE177E8ADF006619F1 = {
			isa = PBXGroup;
			children = (
				472B8E7017A37CC200AFB170 /* libz.dylib */,
				472B8E6817A37C9C00AFB170 /* TestFlightSDK */,
				45E4AC09177E8ADF006619F1 /* Frameworks */,
				45E4AC08177E8ADF006619F1 /* Products */,
				45E4AC10177E8ADF006619F1 /* ReMapp1 */,
				45E4AC37177E8ADF006619F1 /* ReMapp1Tests */,
			);
			sourceTree = "<group>";
		};
		45E4AC08177E8ADF006619F1 /* Products */ = {
			isa = PBXGroup;
			children = (
				45E4AC07177E8ADF006619F1 /* ReMapp1.app */,
				45E4AC30177E8ADF006619F1 /* ReMapp1Tests.octest */,
			);
			name = Products;
			sourceTree = "<group>";
		};
		45E4AC09177E8ADF006619F1 /* Frameworks */ = {
			isa = PBXGroup;
			children = (
				45E4AC4D177E95DF006619F1 /* AddressBook.framework */,
				45E4AC0E177E8ADF006619F1 /* CoreGraphics.framework */,
				45E4AC4F177E95F3006619F1 /* CoreLocation.framework */,
				45E4AC0C177E8ADF006619F1 /* Foundation.framework */,
				45E4AC4B177E95D5006619F1 /* MapKit.framework */,
				45E4AC49177E95CC006619F1 /* MobileCoreServices.framework */,
				45E4AC31177E8ADF006619F1 /* SenTestingKit.framework */,
				45E4AC0A177E8ADF006619F1 /* UIKit.framework */,
			);
			name = Frameworks;
			sourceTree = "<group>";
		};
		45E4AC10177E8ADF006619F1 /* ReMapp1 */ = {
			isa = PBXGroup;
			children = (
				4557178F17A4FD3400F6483F /* Menu */,
				45274E69179A772E00A4CE59 /* TimeLine */,
				45B2BDD61799FB2E0051B90A /* HTTPConnection */,
				45F6EBAB179819250091C4E0 /* User */,
				45F39AB1179758AD003B943A /* Place */,
				45E4AC19177E8ADF006619F1 /* AppDelegate.h */,
				45E4AC1A177E8ADF006619F1 /* AppDelegate.m */,
				45952DB5177FDE370083B7D0 /* File */,
				45E48971177F9A43002FF5FB /* Info */,
				457D15FC17942CCE007F2E8A /* Library */,
				45E370D31782EADD006EE5F9 /* MainStoryboard_iPhone.storyboard */,
				45E4AC48177E93FF006619F1 /* Map */,
				45E48978177FB85A002FF5FB /* Model */,
				457D160117942F57007F2E8A /* RMPInitialSlidingViewController.h */,
				457D160217942F57007F2E8A /* RMPInitialSlidingViewController.m */,
				45E4AC11177E8ADF006619F1 /* Supporting Files */,
				45952DB9177FDE4E0083B7D0 /* TestData */,
				45193D051782E0D300E29FAA /* WriteForm */,
			);
			path = ReMapp1;
			sourceTree = "<group>";
		};
		45E4AC11177E8ADF006619F1 /* Supporting Files */ = {
			isa = PBXGroup;
			children = (
				45E4AC12177E8ADF006619F1 /* ReMapp1-Info.plist */,
				45E4AC13177E8ADF006619F1 /* InfoPlist.strings */,
				45E4AC16177E8ADF006619F1 /* main.m */,
				45E4AC18177E8ADF006619F1 /* ReMapp1-Prefix.pch */,
				45E4AC1C177E8ADF006619F1 /* Default.png */,
				45E4AC1E177E8ADF006619F1 /* Default@2x.png */,
				45E4AC20177E8ADF006619F1 /* Default-568h@2x.png */,
			);
			name = "Supporting Files";
			sourceTree = "<group>";
		};
		45E4AC37177E8ADF006619F1 /* ReMapp1Tests */ = {
			isa = PBXGroup;
			children = (
				45E4AC3D177E8ADF006619F1 /* ReMapp1Tests.h */,
				45E4AC3E177E8ADF006619F1 /* ReMapp1Tests.m */,
				45E4AC38177E8ADF006619F1 /* Supporting Files */,
			);
			path = ReMapp1Tests;
			sourceTree = "<group>";
		};
		45E4AC38177E8ADF006619F1 /* Supporting Files */ = {
			isa = PBXGroup;
			children = (
				45E4AC39177E8ADF006619F1 /* ReMapp1Tests-Info.plist */,
				45E4AC3A177E8ADF006619F1 /* InfoPlist.strings */,
			);
			name = "Supporting Files";
			sourceTree = "<group>";
		};
		45E4AC48177E93FF006619F1 /* Map */ = {
			isa = PBXGroup;
			children = (
				45C537FA179D7DCB0077FFA3 /* currentLocation.png */,
				45500B3717957CC500DCE98D /* Annotation */,
				45E4AC28177E8ADF006619F1 /* MapViewController.h */,
				45E4AC29177E8ADF006619F1 /* MapViewController.m */,
				45DABF02179D3530001E9A7C /* RMPMapView.h */,
				45DABF03179D3530001E9A7C /* RMPMapView.m */,
			);
			name = Map;
			sourceTree = "<group>";
		};
		45E9977C17A66C8700C8675A /* image */ = {
			isa = PBXGroup;
			children = (
				45DE4BB017ABBFA60088C2AB /* MENU_BAR.png */,
				45DE4BB117ABBFA60088C2AB /* MENU_BUTTON.png */,
				45DE4B9C17ABBF960088C2AB /* MENU_LIST_BAR.png */,
				45DE4B9D17ABBF960088C2AB /* MENU_LOGOUT_BUTTON.png */,
				45DE4B9E17ABBF960088C2AB /* MENU_MUTE LIST_BUTTON.png */,
				45DE4B9F17ABBF960088C2AB /* MENU_OTHERS_BAR.png */,
				45DE4BA017ABBF960088C2AB /* MENU_PROBLEM_BUTTON.png */,
				45DE4BA117ABBF960088C2AB /* MENU_PROFILE_BUTTON.png */,
				45DE4BA217ABBF960088C2AB /* MENU_SETTING_BUTTON.png */,
				45DE4BA317ABBF960088C2AB /* MENU_TERM OF USE_BUTTON.png */,
				45DE4BA417ABBF960088C2AB /* MENU_YOU_BAR.png */,
				45DE4BA517ABBF960088C2AB /* MENU_YOUR TIMELINE_BUTTON.png */,
				450452F617ABAD03002F0981 /* MENU_CHECK LIST_BUTTON.png */,
				45E9977D17A66C9600C8675A /* PROFILE_BAR.png */,
				45E9977A17A66C7A00C8675A /* PROBLEM_BAR.png */,
			);
			name = image;
			sourceTree = "<group>";
		};
		45F39AA717974FDB003B943A /* RMPNonVisibleSearchBar */ = {
			isa = PBXGroup;
			children = (
				45F39AA817975002003B943A /* RMPNonVisibleSearchBar.h */,
				45F39AA917975002003B943A /* RMPNonVisibleSearchBar.m */,
			);
			name = RMPNonVisibleSearchBar;
			sourceTree = "<group>";
		};
		45F39AB1179758AD003B943A /* Place */ = {
			isa = PBXGroup;
			children = (
			);
			name = Place;
			sourceTree = "<group>";
		};
		45F6EBAB179819250091C4E0 /* User */ = {
			isa = PBXGroup;
			children = (
				45F6EBAC179819580091C4E0 /* RMPUser.h */,
				45F6EBAD179819580091C4E0 /* RMPUser.m */,
			);
			name = User;
			sourceTree = "<group>";
		};
		472B8E6817A37C9C00AFB170 /* TestFlightSDK */ = {
			isa = PBXGroup;
			children = (
				472B8E6917A37C9C00AFB170 /* libTestFlight.a */,
				472B8E6A17A37C9C00AFB170 /* README.md */,
				472B8E6B17A37C9C00AFB170 /* release_notes.md */,
				472B8E6C17A37C9C00AFB170 /* TestFlight.h */,
			);
			path = TestFlightSDK;
			sourceTree = "<group>";
		};
/* End PBXGroup section */

/* Begin PBXNativeTarget section */
		45E4AC06177E8ADF006619F1 /* ReMapp1 */ = {
			isa = PBXNativeTarget;
			buildConfigurationList = 45E4AC42177E8ADF006619F1 /* Build configuration list for PBXNativeTarget "ReMapp1" */;
			buildPhases = (
				45E4AC03177E8ADF006619F1 /* Sources */,
				45E4AC04177E8ADF006619F1 /* Frameworks */,
				45E4AC05177E8ADF006619F1 /* Resources */,
			);
			buildRules = (
			);
			dependencies = (
			);
			name = ReMapp1;
			productName = ReMapp1;
			productReference = 45E4AC07177E8ADF006619F1 /* ReMapp1.app */;
			productType = "com.apple.product-type.application";
		};
		45E4AC2F177E8ADF006619F1 /* ReMapp1Tests */ = {
			isa = PBXNativeTarget;
			buildConfigurationList = 45E4AC45177E8ADF006619F1 /* Build configuration list for PBXNativeTarget "ReMapp1Tests" */;
			buildPhases = (
				45E4AC2B177E8ADF006619F1 /* Sources */,
				45E4AC2C177E8ADF006619F1 /* Frameworks */,
				45E4AC2D177E8ADF006619F1 /* Resources */,
				45E4AC2E177E8ADF006619F1 /* ShellScript */,
			);
			buildRules = (
			);
			dependencies = (
				45E4AC36177E8ADF006619F1 /* PBXTargetDependency */,
			);
			name = ReMapp1Tests;
			productName = ReMapp1Tests;
			productReference = 45E4AC30177E8ADF006619F1 /* ReMapp1Tests.octest */;
			productType = "com.apple.product-type.bundle";
		};
/* End PBXNativeTarget section */

/* Begin PBXProject section */
		45E4ABFF177E8ADF006619F1 /* Project object */ = {
			isa = PBXProject;
			attributes = {
				LastUpgradeCheck = 0460;
				ORGANIZATIONNAME = nishiba;
			};
			buildConfigurationList = 45E4AC02177E8ADF006619F1 /* Build configuration list for PBXProject "ReMapp1" */;
			compatibilityVersion = "Xcode 3.2";
			developmentRegion = English;
			hasScannedForEncodings = 0;
			knownRegions = (
				en,
			);
			mainGroup = 45E4ABFE177E8ADF006619F1;
			productRefGroup = 45E4AC08177E8ADF006619F1 /* Products */;
			projectDirPath = "";
			projectRoot = "";
			targets = (
				45E4AC06177E8ADF006619F1 /* ReMapp1 */,
				45E4AC2F177E8ADF006619F1 /* ReMapp1Tests */,
			);
		};
/* End PBXProject section */

/* Begin PBXResourcesBuildPhase section */
		45E4AC05177E8ADF006619F1 /* Resources */ = {
			isa = PBXResourcesBuildPhase;
			buildActionMask = 2147483647;
			files = (
				45E4AC15177E8ADF006619F1 /* InfoPlist.strings in Resources */,
				45E4AC1D177E8ADF006619F1 /* Default.png in Resources */,
				45E4AC1F177E8ADF006619F1 /* Default@2x.png in Resources */,
				45E4AC21177E8ADF006619F1 /* Default-568h@2x.png in Resources */,
				45952DBB177FDE5D0083B7D0 /* BuzzData.csv in Resources */,
				45952DC3177FDFFD0083B7D0 /* pin.png in Resources */,
				45E370D51782EADD006EE5F9 /* MainStoryboard_iPhone.storyboard in Resources */,
				450C35B61787831D00484A9E /* bigmarker.png in Resources */,
				45C76F301796BF7000BD184C /* pin1.png in Resources */,
				45C76F311796BF7000BD184C /* pin2.png in Resources */,
				45F39AAF1797550E003B943A /* writeFormPin.png in Resources */,
				45DABF06179D7755001E9A7C /* buzzPin.png in Resources */,
				45DABF08179D7927001E9A7C /* playPin.png in Resources */,
				45C537FB179D7DCB0077FFA3 /* currentLocation.png in Resources */,
				45E9977B17A66C7A00C8675A /* PROBLEM_BAR.png in Resources */,
				45E9977E17A66C9600C8675A /* PROFILE_BAR.png in Resources */,
				450452F717ABAD03002F0981 /* MENU_CHECK LIST_BUTTON.png in Resources */,
				45DE4BA617ABBF960088C2AB /* MENU_LIST_BAR.png in Resources */,
				45DE4BA717ABBF960088C2AB /* MENU_LOGOUT_BUTTON.png in Resources */,
				45DE4BA817ABBF960088C2AB /* MENU_MUTE LIST_BUTTON.png in Resources */,
				45DE4BA917ABBF960088C2AB /* MENU_OTHERS_BAR.png in Resources */,
				45DE4BAA17ABBF960088C2AB /* MENU_PROBLEM_BUTTON.png in Resources */,
				45DE4BAB17ABBF960088C2AB /* MENU_PROFILE_BUTTON.png in Resources */,
				45DE4BAC17ABBF960088C2AB /* MENU_SETTING_BUTTON.png in Resources */,
				45DE4BAD17ABBF960088C2AB /* MENU_TERM OF USE_BUTTON.png in Resources */,
				45DE4BAE17ABBF960088C2AB /* MENU_YOU_BAR.png in Resources */,
				45DE4BAF17ABBF960088C2AB /* MENU_YOUR TIMELINE_BUTTON.png in Resources */,
				45DE4BB217ABBFA70088C2AB /* MENU_BAR.png in Resources */,
				45DE4BB317ABBFA70088C2AB /* MENU_BUTTON.png in Resources */,
				45DE4BBC17ABE0A50088C2AB /* PIN_PLAY.png in Resources */,
				45DE4BBE17ABE0B40088C2AB /* PIN_EAT.png in Resources */,
				45DE4BC017ABE0BC0088C2AB /* PIN_BUZZ.png in Resources */,
				45DE4BC217ABE0C70088C2AB /* PIN_SHOP.png in Resources */,
			);
			runOnlyForDeploymentPostprocessing = 0;
		};
		45E4AC2D177E8ADF006619F1 /* Resources */ = {
			isa = PBXResourcesBuildPhase;
			buildActionMask = 2147483647;
			files = (
				45E4AC3C177E8ADF006619F1 /* InfoPlist.strings in Resources */,
				45F39AB01797550E003B943A /* writeFormPin.png in Resources */,
			);
			runOnlyForDeploymentPostprocessing = 0;
		};
/* End PBXResourcesBuildPhase section */

/* Begin PBXShellScriptBuildPhase section */
		45E4AC2E177E8ADF006619F1 /* ShellScript */ = {
			isa = PBXShellScriptBuildPhase;
			buildActionMask = 2147483647;
			files = (
			);
			inputPaths = (
			);
			outputPaths = (
			);
			runOnlyForDeploymentPostprocessing = 0;
			shellPath = /bin/sh;
			shellScript = "# Run the unit tests in this test bundle.\n\"${SYSTEM_DEVELOPER_DIR}/Tools/RunUnitTests\"\n";
		};
/* End PBXShellScriptBuildPhase section */

/* Begin PBXSourcesBuildPhase section */
		45E4AC03177E8ADF006619F1 /* Sources */ = {
			isa = PBXSourcesBuildPhase;
			buildActionMask = 2147483647;
			files = (
				45E4AC17177E8ADF006619F1 /* main.m in Sources */,
				45E4AC1B177E8ADF006619F1 /* AppDelegate.m in Sources */,
				45E4AC2A177E8ADF006619F1 /* MapViewController.m in Sources */,
				45E48974177F9A87002FF5FB /* InfoViewController.m in Sources */,
				45E48977177F9F7D002FF5FB /* InfoCell.m in Sources */,
				45952DC9177FE7250083B7D0 /* RMPBuzzData.m in Sources */,
				45952DCD177FE7340083B7D0 /* RMPPlace.m in Sources */,
				45952DD1177FE7750083B7D0 /* CSVHandler.m in Sources */,
				45E370D81782EBC5006EE5F9 /* BuzzFormViewController.m in Sources */,
				45AD9DC71784EC9900242750 /* UIPlaceHolderTextView.m in Sources */,
				457D160017942E20007F2E8A /* RMPSlidingViewController.m in Sources */,
				457D160317942F57007F2E8A /* RMPInitialSlidingViewController.m in Sources */,
				457FEB541795E20900616D23 /* RMPAnnotation.m in Sources */,
				45C76F391796C73200BD184C /* RMPNonVisibleToolBar.m in Sources */,
				45F39AAA17975002003B943A /* RMPNonVisibleSearchBar.m in Sources */,
				45F6EBAE179819580091C4E0 /* RMPUser.m in Sources */,
				45B2BDDC1799FE400051B90A /* RMPHTTPConnection.m in Sources */,
				45274E6C179A774300A4CE59 /* RMPBuzzCell.m in Sources */,
				45274E6F179A779400A4CE59 /* RMPTimeLineTableViewController.m in Sources */,
				45DABF04179D3530001E9A7C /* RMPMapView.m in Sources */,
				452C975D17A3FBE00000CF51 /* RMPLazyImageView.m in Sources */,
				4557179217A4FD5800F6483F /* RMPMenuViewController.m in Sources */,
				459A590F17A55CD70089BCC9 /* RMPProfileViewController.m in Sources */,
				459A591217A55D010089BCC9 /* RMPYourTimeLineViewController.m in Sources */,
				459A591517A55D190089BCC9 /* RMPCheckListViewController.m in Sources */,
				459A591817A55D2D0089BCC9 /* RMPMuteListViewController.m in Sources */,
				459A591B17A55D440089BCC9 /* RMPSettingViewController.m in Sources */,
				459A591E17A55D570089BCC9 /* RMPTermOfUseViewController.m in Sources */,
				459A592117A55D6D0089BCC9 /* RMPProblemViewController.m in Sources */,
				459A592417A55D7E0089BCC9 /* RMPLogOutViewController.m in Sources */,
				45F29A4717AA70B5007E7205 /* RMPHTTPImageUpload.m in Sources */,
				45DE4BB617ABD55A0088C2AB /* RMPPlaceFactory.m in Sources */,
			);
			runOnlyForDeploymentPostprocessing = 0;
		};
		45E4AC2B177E8ADF006619F1 /* Sources */ = {
			isa = PBXSourcesBuildPhase;
			buildActionMask = 2147483647;
			files = (
				45E4AC3F177E8ADF006619F1 /* ReMapp1Tests.m in Sources */,
				45952DCA177FE7250083B7D0 /* RMPBuzzData.m in Sources */,
				45952DCE177FE7340083B7D0 /* RMPPlace.m in Sources */,
				45952DD2177FE7750083B7D0 /* CSVHandler.m in Sources */,
			);
			runOnlyForDeploymentPostprocessing = 0;
		};
/* End PBXSourcesBuildPhase section */

/* Begin PBXTargetDependency section */
		45E4AC36177E8ADF006619F1 /* PBXTargetDependency */ = {
			isa = PBXTargetDependency;
			target = 45E4AC06177E8ADF006619F1 /* ReMapp1 */;
			targetProxy = 45E4AC35177E8ADF006619F1 /* PBXContainerItemProxy */;
		};
/* End PBXTargetDependency section */

/* Begin PBXVariantGroup section */
		45E370D31782EADD006EE5F9 /* MainStoryboard_iPhone.storyboard */ = {
			isa = PBXVariantGroup;
			children = (
				45E370D41782EADD006EE5F9 /* en */,
			);
			name = MainStoryboard_iPhone.storyboard;
			path = ..;
			sourceTree = "<group>";
		};
		45E4AC13177E8ADF006619F1 /* InfoPlist.strings */ = {
			isa = PBXVariantGroup;
			children = (
				45E4AC14177E8ADF006619F1 /* en */,
			);
			name = InfoPlist.strings;
			sourceTree = "<group>";
		};
		45E4AC3A177E8ADF006619F1 /* InfoPlist.strings */ = {
			isa = PBXVariantGroup;
			children = (
				45E4AC3B177E8ADF006619F1 /* en */,
			);
			name = InfoPlist.strings;
			sourceTree = "<group>";
		};
/* End PBXVariantGroup section */

/* Begin XCBuildConfiguration section */
		45E4AC40177E8ADF006619F1 /* Debug */ = {
			isa = XCBuildConfiguration;
			buildSettings = {
				ALWAYS_SEARCH_USER_PATHS = NO;
				CLANG_CXX_LANGUAGE_STANDARD = "gnu++0x";
				CLANG_CXX_LIBRARY = "libc++";
				CLANG_ENABLE_OBJC_ARC = YES;
				CLANG_WARN_CONSTANT_CONVERSION = YES;
				CLANG_WARN_EMPTY_BODY = YES;
				CLANG_WARN_ENUM_CONVERSION = YES;
				CLANG_WARN_INT_CONVERSION = YES;
				CLANG_WARN__DUPLICATE_METHOD_MATCH = YES;
				CODE_SIGN_IDENTITY = "iPhone Developer: Yohei Sawayama (6BK9PQX9ZN)";
				"CODE_SIGN_IDENTITY[sdk=iphoneos*]" = "iPhone Developer";
				COPY_PHASE_STRIP = NO;
				GCC_C_LANGUAGE_STANDARD = gnu99;
				GCC_DYNAMIC_NO_PIC = NO;
				GCC_OPTIMIZATION_LEVEL = 0;
				GCC_PREPROCESSOR_DEFINITIONS = (
					"DEBUG=1",
					"$(inherited)",
				);
				GCC_SYMBOLS_PRIVATE_EXTERN = NO;
				GCC_WARN_ABOUT_RETURN_TYPE = YES;
				GCC_WARN_UNINITIALIZED_AUTOS = YES;
				GCC_WARN_UNUSED_VARIABLE = YES;
				IPHONEOS_DEPLOYMENT_TARGET = 6.1;
				ONLY_ACTIVE_ARCH = YES;
				PROVISIONING_PROFILE = "F4FFC329-D6FD-4872-BA0A-1695E26D092D";
				SDKROOT = iphoneos;
				TARGETED_DEVICE_FAMILY = "1,2";
			};
			name = Debug;
		};
		45E4AC41177E8ADF006619F1 /* Release */ = {
			isa = XCBuildConfiguration;
			buildSettings = {
				ALWAYS_SEARCH_USER_PATHS = NO;
				CLANG_CXX_LANGUAGE_STANDARD = "gnu++0x";
				CLANG_CXX_LIBRARY = "libc++";
				CLANG_ENABLE_OBJC_ARC = YES;
				CLANG_WARN_CONSTANT_CONVERSION = YES;
				CLANG_WARN_EMPTY_BODY = YES;
				CLANG_WARN_ENUM_CONVERSION = YES;
				CLANG_WARN_INT_CONVERSION = YES;
				CLANG_WARN__DUPLICATE_METHOD_MATCH = YES;
				CODE_SIGN_IDENTITY = "iPhone Developer: Yohei Sawayama (6BK9PQX9ZN)";
				"CODE_SIGN_IDENTITY[sdk=iphoneos*]" = "iPhone Developer";
				COPY_PHASE_STRIP = YES;
				GCC_C_LANGUAGE_STANDARD = gnu99;
				GCC_WARN_ABOUT_RETURN_TYPE = YES;
				GCC_WARN_UNINITIALIZED_AUTOS = YES;
				GCC_WARN_UNUSED_VARIABLE = YES;
				IPHONEOS_DEPLOYMENT_TARGET = 6.1;
				OTHER_CFLAGS = "-DNS_BLOCK_ASSERTIONS=1";
				PROVISIONING_PROFILE = "F4FFC329-D6FD-4872-BA0A-1695E26D092D";
				SDKROOT = iphoneos;
				TARGETED_DEVICE_FAMILY = "1,2";
				VALIDATE_PRODUCT = YES;
			};
			name = Release;
		};
		45E4AC43177E8ADF006619F1 /* Debug */ = {
			isa = XCBuildConfiguration;
			buildSettings = {
				CODE_SIGN_IDENTITY = "iPhone Developer: Yohei Sawayama (6BK9PQX9ZN)";
				GCC_PRECOMPILE_PREFIX_HEADER = YES;
				GCC_PREFIX_HEADER = "ReMapp1/ReMapp1-Prefix.pch";
				INFOPLIST_FILE = "ReMapp1/ReMapp1-Info.plist";
				LIBRARY_SEARCH_PATHS = (
					"$(inherited)",
					"\"$(SRCROOT)/TestFlightSDK\"",
				);
				PRODUCT_NAME = "$(TARGET_NAME)";
				PROVISIONING_PROFILE = "F4FFC329-D6FD-4872-BA0A-1695E26D092D";
				WRAPPER_EXTENSION = app;
			};
			name = Debug;
		};
		45E4AC44177E8ADF006619F1 /* Release */ = {
			isa = XCBuildConfiguration;
			buildSettings = {
				CODE_SIGN_IDENTITY = "iPhone Developer: Yohei Sawayama (6BK9PQX9ZN)";
				GCC_PRECOMPILE_PREFIX_HEADER = YES;
				GCC_PREFIX_HEADER = "ReMapp1/ReMapp1-Prefix.pch";
				INFOPLIST_FILE = "ReMapp1/ReMapp1-Info.plist";
				LIBRARY_SEARCH_PATHS = (
					"$(inherited)",
					"\"$(SRCROOT)/TestFlightSDK\"",
				);
				PRODUCT_NAME = "$(TARGET_NAME)";
				PROVISIONING_PROFILE = "F4FFC329-D6FD-4872-BA0A-1695E26D092D";
				WRAPPER_EXTENSION = app;
			};
			name = Release;
		};
		45E4AC46177E8ADF006619F1 /* Debug */ = {
			isa = XCBuildConfiguration;
			buildSettings = {
				BUNDLE_LOADER = "$(BUILT_PRODUCTS_DIR)/ReMapp1.app/ReMapp1";
				FRAMEWORK_SEARCH_PATHS = (
					"\"$(SDKROOT)/Developer/Library/Frameworks\"",
					"\"$(DEVELOPER_LIBRARY_DIR)/Frameworks\"",
				);
				GCC_PRECOMPILE_PREFIX_HEADER = YES;
				GCC_PREFIX_HEADER = "ReMapp1/ReMapp1-Prefix.pch";
				INFOPLIST_FILE = "ReMapp1Tests/ReMapp1Tests-Info.plist";
				PRODUCT_NAME = "$(TARGET_NAME)";
				TEST_HOST = "$(BUNDLE_LOADER)";
				WRAPPER_EXTENSION = octest;
			};
			name = Debug;
		};
		45E4AC47177E8ADF006619F1 /* Release */ = {
			isa = XCBuildConfiguration;
			buildSettings = {
				BUNDLE_LOADER = "$(BUILT_PRODUCTS_DIR)/ReMapp1.app/ReMapp1";
				FRAMEWORK_SEARCH_PATHS = (
					"\"$(SDKROOT)/Developer/Library/Frameworks\"",
					"\"$(DEVELOPER_LIBRARY_DIR)/Frameworks\"",
				);
				GCC_PRECOMPILE_PREFIX_HEADER = YES;
				GCC_PREFIX_HEADER = "ReMapp1/ReMapp1-Prefix.pch";
				INFOPLIST_FILE = "ReMapp1Tests/ReMapp1Tests-Info.plist";
				PRODUCT_NAME = "$(TARGET_NAME)";
				TEST_HOST = "$(BUNDLE_LOADER)";
				WRAPPER_EXTENSION = octest;
			};
			name = Release;
		};
/* End XCBuildConfiguration section */

/* Begin XCConfigurationList section */
		45E4AC02177E8ADF006619F1 /* Build configuration list for PBXProject "ReMapp1" */ = {
			isa = XCConfigurationList;
			buildConfigurations = (
				45E4AC40177E8ADF006619F1 /* Debug */,
				45E4AC41177E8ADF006619F1 /* Release */,
			);
			defaultConfigurationIsVisible = 0;
			defaultConfigurationName = Release;
		};
		45E4AC42177E8ADF006619F1 /* Build configuration list for PBXNativeTarget "ReMapp1" */ = {
			isa = XCConfigurationList;
			buildConfigurations = (
				45E4AC43177E8ADF006619F1 /* Debug */,
				45E4AC44177E8ADF006619F1 /* Release */,
			);
			defaultConfigurationIsVisible = 0;
			defaultConfigurationName = Release;
		};
		45E4AC45177E8ADF006619F1 /* Build configuration list for PBXNativeTarget "ReMapp1Tests" */ = {
			isa = XCConfigurationList;
			buildConfigurations = (
				45E4AC46177E8ADF006619F1 /* Debug */,
				45E4AC47177E8ADF006619F1 /* Release */,
			);
			defaultConfigurationIsVisible = 0;
			defaultConfigurationName = Release;
		};
/* End XCConfigurationList section */
	};
	rootObject = 45E4ABFF177E8ADF006619F1 /* Project object */;
}
